
Microsoft Visual Studio Solution File, Format Version 12.00
# Visual Studio Version 16
VisualStudioVersion = 16.0.31624.102
MinimumVisualStudioVersion = 10.0.40219.1
Project("{FAE04EC0-301F-11D3-BF4B-00C04F79EFBC}") = "CrudRestful", "CrudRestful\CrudRestful.csproj", "{5E37A46B-EE19-4F23-895F-16FCA8B77FF6}"
EndProject
Global
	GlobalSection(SolutionConfigurationPlatforms) = preSolution
		Debug|Any CPU = Debug|Any CPU
		Release|Any CPU = Release|Any CPU
	EndGlobalSection
	GlobalSection(ProjectConfigurationPlatforms) = postSolution
		{5E37A46B-EE19-4F23-895F-16FCA8B77FF6}.Debug|Any CPU.ActiveCfg = Debug|Any CPU
		{5E37A46B-EE19-4F23-895F-16FCA8B77FF6}.Debug|Any CPU.Build.0 = Debug|Any CPU
		{5E37A46B-EE19-4F23-895F-16FCA8B77FF6}.Release|Any CPU.ActiveCfg = Release|Any CPU
		{5E37A46B-EE19-4F23-895F-16FCA8B77FF6}.Release|Any CPU.Build.0 = Release|Any CPU
	EndGlobalSection
	GlobalSection(SolutionProperties) = preSolution
		HideSolutionNode = FALSE
	EndGlobalSection
	GlobalSection(ExtensibilityGlobals) = postSolution
		SolutionGuid = {9E3DCBDB-7D47-48FC-9C46-9F292BE3E9AE}
	EndGlobalSection
EndGlobal
